
Microsoft Visual Studio Solution File, Format Version 12.00
# Visual Studio Version 17
VisualStudioVersion = 17.8.34525.116
MinimumVisualStudioVersion = 10.0.40219.1
Project("{FAE04EC0-301F-11D3-BF4B-00C04F79EFBC}") = "Pit", "Pit\Pit.csproj", "{4FF203B3-081F-4184-BFB8-B798434681DC}"
EndProject
Global
	GlobalSection(SolutionConfigurationPlatforms) = preSolution
		Debug|Any CPU = Debug|Any CPU
		Release|Any CPU = Release|Any CPU
	EndGlobalSection
	GlobalSection(ProjectConfigurationPlatforms) = postSolution
		{4FF203B3-081F-4184-BFB8-B798434681DC}.Debug|Any CPU.ActiveCfg = Debug|Any CPU
		{4FF203B3-081F-4184-BFB8-B798434681DC}.Debug|Any CPU.Build.0 = Debug|Any CPU
		{4FF203B3-081F-4184-BFB8-B798434681DC}.Release|Any CPU.ActiveCfg = Release|Any CPU
		{4FF203B3-081F-4184-BFB8-B798434681DC}.Release|Any CPU.Build.0 = Release|Any CPU
	EndGlobalSection
	GlobalSection(SolutionProperties) = preSolution
		HideSolutionNode = FALSE
	EndGlobalSection
	GlobalSection(ExtensibilityGlobals) = postSolution
		SolutionGuid = {0B4CD8D6-3912-4958-832D-F49A11664892}
	EndGlobalSection
EndGlobal
